
Microsoft Visual Studio Solution File, Format Version 12.00
# Visual Studio Version 17
VisualStudioVersion = 17.9.34728.123
MinimumVisualStudioVersion = 10.0.40219.1
Project("{9A19103F-16F7-4668-BE54-9A1E7A4F7556}") = "MoviesApp.API", "MoviesApp.API\MoviesApp.API.csproj", "{38C04D74-3C28-429D-A4E7-E79CE2E5406D}"
EndProject
Project("{FAE04EC0-301F-11D3-BF4B-00C04F79EFBC}") = "MoviesApp.Domain", "MoviesApp.Domain\MoviesApp.Domain.csproj", "{25CA8DE3-1BF3-47F1-835B-74A42B1018C4}"
EndProject
Project("{FAE04EC0-301F-11D3-BF4B-00C04F79EFBC}") = "MoviesApp.Application", "MoviesApp.Application\MoviesApp.Application.csproj", "{6EEE61F3-F5C0-414A-85E3-FF557D49CFD4}"
EndProject
Project("{FAE04EC0-301F-11D3-BF4B-00C04F79EFBC}") = "MoviesApp.Infrastructure", "MoviesApp.Infrastructure\MoviesApp.Infrastructure.csproj", "{6FBF50EA-851E-4377-A45A-E3DDB4C856D5}"
EndProject
Global
	GlobalSection(SolutionConfigurationPlatforms) = preSolution
		Debug|Any CPU = Debug|Any CPU
		Release|Any CPU = Release|Any CPU
	EndGlobalSection
	GlobalSection(ProjectConfigurationPlatforms) = postSolution
		{38C04D74-3C28-429D-A4E7-E79CE2E5406D}.Debug|Any CPU.ActiveCfg = Debug|Any CPU
		{38C04D74-3C28-429D-A4E7-E79CE2E5406D}.Debug|Any CPU.Build.0 = Debug|Any CPU
		{38C04D74-3C28-429D-A4E7-E79CE2E5406D}.Release|Any CPU.ActiveCfg = Release|Any CPU
		{38C04D74-3C28-429D-A4E7-E79CE2E5406D}.Release|Any CPU.Build.0 = Release|Any CPU
		{25CA8DE3-1BF3-47F1-835B-74A42B1018C4}.Debug|Any CPU.ActiveCfg = Debug|Any CPU
		{25CA8DE3-1BF3-47F1-835B-74A42B1018C4}.Debug|Any CPU.Build.0 = Debug|Any CPU
		{25CA8DE3-1BF3-47F1-835B-74A42B1018C4}.Release|Any CPU.ActiveCfg = Release|Any CPU
		{25CA8DE3-1BF3-47F1-835B-74A42B1018C4}.Release|Any CPU.Build.0 = Release|Any CPU
		{6EEE61F3-F5C0-414A-85E3-FF557D49CFD4}.Debug|Any CPU.ActiveCfg = Debug|Any CPU
		{6EEE61F3-F5C0-414A-85E3-FF557D49CFD4}.Debug|Any CPU.Build.0 = Debug|Any CPU
		{6EEE61F3-F5C0-414A-85E3-FF557D49CFD4}.Release|Any CPU.ActiveCfg = Release|Any CPU
		{6EEE61F3-F5C0-414A-85E3-FF557D49CFD4}.Release|Any CPU.Build.0 = Release|Any CPU
		{6FBF50EA-851E-4377-A45A-E3DDB4C856D5}.Debug|Any CPU.ActiveCfg = Debug|Any CPU
		{6FBF50EA-851E-4377-A45A-E3DDB4C856D5}.Debug|Any CPU.Build.0 = Debug|Any CPU
		{6FBF50EA-851E-4377-A45A-E3DDB4C856D5}.Release|Any CPU.ActiveCfg = Release|Any CPU
		{6FBF50EA-851E-4377-A45A-E3DDB4C856D5}.Release|Any CPU.Build.0 = Release|Any CPU
	EndGlobalSection
	GlobalSection(SolutionProperties) = preSolution
		HideSolutionNode = FALSE
	EndGlobalSection
	GlobalSection(ExtensibilityGlobals) = postSolution
		SolutionGuid = {51E2CFFC-962D-4C86-9C2F-A673B0232541}
	EndGlobalSection
EndGlobal
